Microsoft Visual Studio Solution File, Format Version 12.00
# Visual Studio 15
VisualStudioVersion = 15.0.26430.6
MinimumVisualStudioVersion = 10.0.40219.1
Project("{FAE04EC0-301F-11D3-BF4B-00C04F79EFBC}") = "pompom.iOS", "iOS\pompom.iOS.csproj", "{DDCA2676-BE75-4F79-B1BF-E162B231218C}"
EndProject
Project("{FAE04EC0-301F-11D3-BF4B-00C04F79EFBC}") = "pompom", "pompom\pompom.csproj", "{D90F8AA4-B24A-42AB-A5E4-55111CC1CF29}"
EndProject
Global
	GlobalSection(SolutionConfigurationPlatforms) = preSolution
		Debug|Any CPU = Debug|Any CPU
		Debug|iPhone = Debug|iPhone
		Debug|iPhoneSimulator = Debug|iPhoneSimulator
		Release|Any CPU = Release|Any CPU
		Release|iPhone = Release|iPhone
		Release|iPhoneSimulator = Release|iPhoneSimulator
	EndGlobalSection
	GlobalSection(ProjectConfigurationPlatforms) = postSolution
		{DDCA2676-BE75-4F79-B1BF-E162B231218C}.Debug|Any CPU.ActiveCfg = Debug|iPhoneSimulator
		{DDCA2676-BE75-4F79-B1BF-E162B231218C}.Debug|Any CPU.Build.0 = Debug|iPhoneSimulator
		{DDCA2676-BE75-4F79-B1BF-E162B231218C}.Debug|iPhone.ActiveCfg = Debug|iPhone
		{DDCA2676-BE75-4F79-B1BF-E162B231218C}.Debug|iPhone.Build.0 = Debug|iPhone
		{DDCA2676-BE75-4F79-B1BF-E162B231218C}.Debug|iPhoneSimulator.ActiveCfg = Debug|iPhoneSimulator
		{DDCA2676-BE75-4F79-B1BF-E162B231218C}.Debug|iPhoneSimulator.Build.0 = Debug|iPhoneSimulator
		{DDCA2676-BE75-4F79-B1BF-E162B231218C}.Release|Any CPU.ActiveCfg = Release|iPhone
		{DDCA2676-BE75-4F79-B1BF-E162B231218C}.Release|Any CPU.Build.0 = Release|iPhone
		{DDCA2676-BE75-4F79-B1BF-E162B231218C}.Release|iPhone.ActiveCfg = Release|iPhone
		{DDCA2676-BE75-4F79-B1BF-E162B231218C}.Release|iPhone.Build.0 = Release|iPhone
		{DDCA2676-BE75-4F79-B1BF-E162B231218C}.Release|iPhoneSimulator.ActiveCfg = Release|iPhoneSimulator
		{DDCA2676-BE75-4F79-B1BF-E162B231218C}.Release|iPhoneSimulator.Build.0 = Release|iPhoneSimulator
		{D90F8AA4-B24A-42AB-A5E4-55111CC1CF29}.Debug|Any CPU.ActiveCfg = Debug|Any CPU
		{D90F8AA4-B24A-42AB-A5E4-55111CC1CF29}.Debug|Any CPU.Build.0 = Debug|Any CPU
		{D90F8AA4-B24A-42AB-A5E4-55111CC1CF29}.Debug|iPhone.ActiveCfg = Debug|Any CPU
		{D90F8AA4-B24A-42AB-A5E4-55111CC1CF29}.Debug|iPhone.Build.0 = Debug|Any CPU
		{D90F8AA4-B24A-42AB-A5E4-55111CC1CF29}.Debug|iPhoneSimulator.ActiveCfg = Debug|Any CPU
		{D90F8AA4-B24A-42AB-A5E4-55111CC1CF29}.Debug|iPhoneSimulator.Build.0 = Debug|Any CPU
		{D90F8AA4-B24A-42AB-A5E4-55111CC1CF29}.Release|Any CPU.ActiveCfg = Release|Any CPU
		{D90F8AA4-B24A-42AB-A5E4-55111CC1CF29}.Release|Any CPU.Build.0 = Release|Any CPU
		{D90F8AA4-B24A-42AB-A5E4-55111CC1CF29}.Release|iPhone.ActiveCfg = Release|Any CPU
		{D90F8AA4-B24A-42AB-A5E4-55111CC1CF29}.Release|iPhone.Build.0 = Release|Any CPU
		{D90F8AA4-B24A-42AB-A5E4-55111CC1CF29}.Release|iPhoneSimulator.ActiveCfg = Release|Any CPU
		{D90F8AA4-B24A-42AB-A5E4-55111CC1CF29}.Release|iPhoneSimulator.Build.0 = Release|Any CPU
	EndGlobalSection
	GlobalSection(SolutionProperties) = preSolution
		HideSolutionNode = FALSE
	EndGlobalSection
EndGlobal
