Microsoft Visual Studio Solution File, Format Version 12.00
# Visual Studio 15
VisualStudioVersion = 15.0.26430.6
MinimumVisualStudioVersion = 10.0.40219.1
Project("{FAE04EC0-301F-11D3-BF4B-00C04F79EFBC}") = "pompom.iOS", "iOS\pompom.iOS.csproj", "{DDCA2676-BE75-4F79-B1BF-E162B231218C}"
EndProject
Project("{FAE04EC0-301F-11D3-BF4B-00C04F79EFBC}") = "pompom.Droid", "Droid\pompom.Droid.csproj", "{41CE8E3A-173E-4792-BC28-BAEFB1BFE339}"
EndProject
Project("{FAE04EC0-301F-11D3-BF4B-00C04F79EFBC}") = "pompom.UITests", "UITests\pompom.UITests.csproj", "{999BB5AE-FFFC-49FF-8A6D-FF10B463409F}"
EndProject
Project("{FAE04EC0-301F-11D3-BF4B-00C04F79EFBC}") = "pompom.UWP", "UWP\pompom.UWP.csproj", "{E976E187-853F-4E14-8761-2EF93558BAC7}"
EndProject
Project("{FAE04EC0-301F-11D3-BF4B-00C04F79EFBC}") = "pompom", "pompom\pompom.csproj", "{D90F8AA4-B24A-42AB-A5E4-55111CC1CF29}"
EndProject
Global
	GlobalSection(SolutionConfigurationPlatforms) = preSolution
		Debug|Any CPU = Debug|Any CPU
		Debug|ARM = Debug|ARM
		Debug|iPhone = Debug|iPhone
		Debug|iPhoneSimulator = Debug|iPhoneSimulator
		Debug|x64 = Debug|x64
		Debug|x86 = Debug|x86
		Release|Any CPU = Release|Any CPU
		Release|ARM = Release|ARM
		Release|iPhone = Release|iPhone
		Release|iPhoneSimulator = Release|iPhoneSimulator
		Release|x64 = Release|x64
		Release|x86 = Release|x86
	EndGlobalSection
	GlobalSection(ProjectConfigurationPlatforms) = postSolution
		{DDCA2676-BE75-4F79-B1BF-E162B231218C}.Debug|Any CPU.ActiveCfg = Debug|iPhoneSimulator
		{DDCA2676-BE75-4F79-B1BF-E162B231218C}.Debug|Any CPU.Build.0 = Debug|iPhoneSimulator
		{DDCA2676-BE75-4F79-B1BF-E162B231218C}.Debug|ARM.ActiveCfg = Debug|iPhone
		{DDCA2676-BE75-4F79-B1BF-E162B231218C}.Debug|iPhone.ActiveCfg = Debug|iPhone
		{DDCA2676-BE75-4F79-B1BF-E162B231218C}.Debug|iPhone.Build.0 = Debug|iPhone
		{DDCA2676-BE75-4F79-B1BF-E162B231218C}.Debug|iPhoneSimulator.ActiveCfg = Debug|iPhoneSimulator
		{DDCA2676-BE75-4F79-B1BF-E162B231218C}.Debug|iPhoneSimulator.Build.0 = Debug|iPhoneSimulator
		{DDCA2676-BE75-4F79-B1BF-E162B231218C}.Debug|x64.ActiveCfg = Debug|iPhone
		{DDCA2676-BE75-4F79-B1BF-E162B231218C}.Debug|x86.ActiveCfg = Debug|iPhone
		{DDCA2676-BE75-4F79-B1BF-E162B231218C}.Release|Any CPU.ActiveCfg = Release|iPhone
		{DDCA2676-BE75-4F79-B1BF-E162B231218C}.Release|Any CPU.Build.0 = Release|iPhone
		{DDCA2676-BE75-4F79-B1BF-E162B231218C}.Release|ARM.ActiveCfg = Release|iPhoneSimulator
		{DDCA2676-BE75-4F79-B1BF-E162B231218C}.Release|iPhone.ActiveCfg = Release|iPhone
		{DDCA2676-BE75-4F79-B1BF-E162B231218C}.Release|iPhone.Build.0 = Release|iPhone
		{DDCA2676-BE75-4F79-B1BF-E162B231218C}.Release|iPhoneSimulator.ActiveCfg = Release|iPhoneSimulator
		{DDCA2676-BE75-4F79-B1BF-E162B231218C}.Release|iPhoneSimulator.Build.0 = Release|iPhoneSimulator
		{DDCA2676-BE75-4F79-B1BF-E162B231218C}.Release|x64.ActiveCfg = Release|iPhoneSimulator
		{DDCA2676-BE75-4F79-B1BF-E162B231218C}.Release|x86.ActiveCfg = Release|iPhoneSimulator
		{41CE8E3A-173E-4792-BC28-BAEFB1BFE339}.Debug|Any CPU.ActiveCfg = Debug|Any CPU
		{41CE8E3A-173E-4792-BC28-BAEFB1BFE339}.Debug|Any CPU.Build.0 = Debug|Any CPU
		{41CE8E3A-173E-4792-BC28-BAEFB1BFE339}.Debug|Any CPU.Deploy.0 = Debug|Any CPU
		{41CE8E3A-173E-4792-BC28-BAEFB1BFE339}.Debug|ARM.ActiveCfg = Debug|Any CPU
		{41CE8E3A-173E-4792-BC28-BAEFB1BFE339}.Debug|ARM.Build.0 = Debug|Any CPU
		{41CE8E3A-173E-4792-BC28-BAEFB1BFE339}.Debug|ARM.Deploy.0 = Debug|Any CPU
		{41CE8E3A-173E-4792-BC28-BAEFB1BFE339}.Debug|iPhone.ActiveCfg = Debug|Any CPU
		{41CE8E3A-173E-4792-BC28-BAEFB1BFE339}.Debug|iPhone.Build.0 = Debug|Any CPU
		{41CE8E3A-173E-4792-BC28-BAEFB1BFE339}.Debug|iPhoneSimulator.ActiveCfg = Debug|Any CPU
		{41CE8E3A-173E-4792-BC28-BAEFB1BFE339}.Debug|iPhoneSimulator.Build.0 = Debug|Any CPU
		{41CE8E3A-173E-4792-BC28-BAEFB1BFE339}.Debug|x64.ActiveCfg = Debug|Any CPU
		{41CE8E3A-173E-4792-BC28-BAEFB1BFE339}.Debug|x64.Build.0 = Debug|Any CPU
		{41CE8E3A-173E-4792-BC28-BAEFB1BFE339}.Debug|x64.Deploy.0 = Debug|Any CPU
		{41CE8E3A-173E-4792-BC28-BAEFB1BFE339}.Debug|x86.ActiveCfg = Debug|Any CPU
		{41CE8E3A-173E-4792-BC28-BAEFB1BFE339}.Debug|x86.Build.0 = Debug|Any CPU
		{41CE8E3A-173E-4792-BC28-BAEFB1BFE339}.Debug|x86.Deploy.0 = Debug|Any CPU
		{41CE8E3A-173E-4792-BC28-BAEFB1BFE339}.Release|Any CPU.ActiveCfg = Release|Any CPU
		{41CE8E3A-173E-4792-BC28-BAEFB1BFE339}.Release|Any CPU.Build.0 = Release|Any CPU
		{41CE8E3A-173E-4792-BC28-BAEFB1BFE339}.Release|ARM.ActiveCfg = Release|Any CPU
		{41CE8E3A-173E-4792-BC28-BAEFB1BFE339}.Release|ARM.Build.0 = Release|Any CPU
		{41CE8E3A-173E-4792-BC28-BAEFB1BFE339}.Release|ARM.Deploy.0 = Release|Any CPU
		{41CE8E3A-173E-4792-BC28-BAEFB1BFE339}.Release|iPhone.ActiveCfg = Release|Any CPU
		{41CE8E3A-173E-4792-BC28-BAEFB1BFE339}.Release|iPhone.Build.0 = Release|Any CPU
		{41CE8E3A-173E-4792-BC28-BAEFB1BFE339}.Release|iPhoneSimulator.ActiveCfg = Release|Any CPU
		{41CE8E3A-173E-4792-BC28-BAEFB1BFE339}.Release|iPhoneSimulator.Build.0 = Release|Any CPU
		{41CE8E3A-173E-4792-BC28-BAEFB1BFE339}.Release|x64.ActiveCfg = Release|Any CPU
		{41CE8E3A-173E-4792-BC28-BAEFB1BFE339}.Release|x64.Build.0 = Release|Any CPU
		{41CE8E3A-173E-4792-BC28-BAEFB1BFE339}.Release|x64.Deploy.0 = Release|Any CPU
		{41CE8E3A-173E-4792-BC28-BAEFB1BFE339}.Release|x86.ActiveCfg = Release|Any CPU
		{41CE8E3A-173E-4792-BC28-BAEFB1BFE339}.Release|x86.Build.0 = Release|Any CPU
		{41CE8E3A-173E-4792-BC28-BAEFB1BFE339}.Release|x86.Deploy.0 = Release|Any CPU
		{999BB5AE-FFFC-49FF-8A6D-FF10B463409F}.Debug|Any CPU.ActiveCfg = Debug|Any CPU
		{999BB5AE-FFFC-49FF-8A6D-FF10B463409F}.Debug|Any CPU.Build.0 = Debug|Any CPU
		{999BB5AE-FFFC-49FF-8A6D-FF10B463409F}.Debug|ARM.ActiveCfg = Debug|Any CPU
		{999BB5AE-FFFC-49FF-8A6D-FF10B463409F}.Debug|ARM.Build.0 = Debug|Any CPU
		{999BB5AE-FFFC-49FF-8A6D-FF10B463409F}.Debug|iPhone.ActiveCfg = Debug|Any CPU
		{999BB5AE-FFFC-49FF-8A6D-FF10B463409F}.Debug|iPhone.Build.0 = Debug|Any CPU
		{999BB5AE-FFFC-49FF-8A6D-FF10B463409F}.Debug|iPhoneSimulator.ActiveCfg = Debug|Any CPU
		{999BB5AE-FFFC-49FF-8A6D-FF10B463409F}.Debug|iPhoneSimulator.Build.0 = Debug|Any CPU
		{999BB5AE-FFFC-49FF-8A6D-FF10B463409F}.Debug|x64.ActiveCfg = Debug|Any CPU
		{999BB5AE-FFFC-49FF-8A6D-FF10B463409F}.Debug|x64.Build.0 = Debug|Any CPU
		{999BB5AE-FFFC-49FF-8A6D-FF10B463409F}.Debug|x86.ActiveCfg = Debug|Any CPU
		{999BB5AE-FFFC-49FF-8A6D-FF10B463409F}.Debug|x86.Build.0 = Debug|Any CPU
		{999BB5AE-FFFC-49FF-8A6D-FF10B463409F}.Release|Any CPU.ActiveCfg = Release|Any CPU
		{999BB5AE-FFFC-49FF-8A6D-FF10B463409F}.Release|Any CPU.Build.0 = Release|Any CPU
		{999BB5AE-FFFC-49FF-8A6D-FF10B463409F}.Release|ARM.ActiveCfg = Release|Any CPU
		{999BB5AE-FFFC-49FF-8A6D-FF10B463409F}.Release|ARM.Build.0 = Release|Any CPU
		{999BB5AE-FFFC-49FF-8A6D-FF10B463409F}.Release|iPhone.ActiveCfg = Release|Any CPU
		{999BB5AE-FFFC-49FF-8A6D-FF10B463409F}.Release|iPhone.Build.0 = Release|Any CPU
		{999BB5AE-FFFC-49FF-8A6D-FF10B463409F}.Release|iPhoneSimulator.ActiveCfg = Release|Any CPU
		{999BB5AE-FFFC-49FF-8A6D-FF10B463409F}.Release|iPhoneSimulator.Build.0 = Release|Any CPU
		{999BB5AE-FFFC-49FF-8A6D-FF10B463409F}.Release|x64.ActiveCfg = Release|Any CPU
		{999BB5AE-FFFC-49FF-8A6D-FF10B463409F}.Release|x64.Build.0 = Release|Any CPU
		{999BB5AE-FFFC-49FF-8A6D-FF10B463409F}.Release|x86.ActiveCfg = Release|Any CPU
		{999BB5AE-FFFC-49FF-8A6D-FF10B463409F}.Release|x86.Build.0 = Release|Any CPU
		{E976E187-853F-4E14-8761-2EF93558BAC7}.Debug|Any CPU.ActiveCfg = Debug|x86
		{E976E187-853F-4E14-8761-2EF93558BAC7}.Debug|ARM.ActiveCfg = Debug|ARM
		{E976E187-853F-4E14-8761-2EF93558BAC7}.Debug|ARM.Build.0 = Debug|ARM
		{E976E187-853F-4E14-8761-2EF93558BAC7}.Debug|ARM.Deploy.0 = Debug|ARM
		{E976E187-853F-4E14-8761-2EF93558BAC7}.Debug|iPhone.ActiveCfg = Debug|x86
		{E976E187-853F-4E14-8761-2EF93558BAC7}.Debug|iPhoneSimulator.ActiveCfg = Debug|x86
		{E976E187-853F-4E14-8761-2EF93558BAC7}.Debug|x64.ActiveCfg = Debug|x64
		{E976E187-853F-4E14-8761-2EF93558BAC7}.Debug|x64.Build.0 = Debug|x64
		{E976E187-853F-4E14-8761-2EF93558BAC7}.Debug|x64.Deploy.0 = Debug|x64
		{E976E187-853F-4E14-8761-2EF93558BAC7}.Debug|x86.ActiveCfg = Debug|x86
		{E976E187-853F-4E14-8761-2EF93558BAC7}.Debug|x86.Build.0 = Debug|x86
		{E976E187-853F-4E14-8761-2EF93558BAC7}.Debug|x86.Deploy.0 = Debug|x86
		{E976E187-853F-4E14-8761-2EF93558BAC7}.Release|Any CPU.ActiveCfg = Release|x86
		{E976E187-853F-4E14-8761-2EF93558BAC7}.Release|ARM.ActiveCfg = Release|ARM
		{E976E187-853F-4E14-8761-2EF93558BAC7}.Release|ARM.Build.0 = Release|ARM
		{E976E187-853F-4E14-8761-2EF93558BAC7}.Release|ARM.Deploy.0 = Release|ARM
		{E976E187-853F-4E14-8761-2EF93558BAC7}.Release|iPhone.ActiveCfg = Release|x86
		{E976E187-853F-4E14-8761-2EF93558BAC7}.Release|iPhoneSimulator.ActiveCfg = Release|x86
		{E976E187-853F-4E14-8761-2EF93558BAC7}.Release|x64.ActiveCfg = Release|x64
		{E976E187-853F-4E14-8761-2EF93558BAC7}.Release|x64.Build.0 = Release|x64
		{E976E187-853F-4E14-8761-2EF93558BAC7}.Release|x64.Deploy.0 = Release|x64
		{E976E187-853F-4E14-8761-2EF93558BAC7}.Release|x86.ActiveCfg = Release|x86
		{E976E187-853F-4E14-8761-2EF93558BAC7}.Release|x86.Build.0 = Release|x86
		{E976E187-853F-4E14-8761-2EF93558BAC7}.Release|x86.Deploy.0 = Release|x86
		{D90F8AA4-B24A-42AB-A5E4-55111CC1CF29}.Debug|Any CPU.ActiveCfg = Debug|Any CPU
		{D90F8AA4-B24A-42AB-A5E4-55111CC1CF29}.Debug|Any CPU.Build.0 = Debug|Any CPU
		{D90F8AA4-B24A-42AB-A5E4-55111CC1CF29}.Debug|ARM.ActiveCfg = Debug|Any CPU
		{D90F8AA4-B24A-42AB-A5E4-55111CC1CF29}.Debug|ARM.Build.0 = Debug|Any CPU
		{D90F8AA4-B24A-42AB-A5E4-55111CC1CF29}.Debug|iPhone.ActiveCfg = Debug|Any CPU
		{D90F8AA4-B24A-42AB-A5E4-55111CC1CF29}.Debug|iPhone.Build.0 = Debug|Any CPU
		{D90F8AA4-B24A-42AB-A5E4-55111CC1CF29}.Debug|iPhoneSimulator.ActiveCfg = Debug|Any CPU
		{D90F8AA4-B24A-42AB-A5E4-55111CC1CF29}.Debug|iPhoneSimulator.Build.0 = Debug|Any CPU
		{D90F8AA4-B24A-42AB-A5E4-55111CC1CF29}.Debug|x64.ActiveCfg = Debug|Any CPU
		{D90F8AA4-B24A-42AB-A5E4-55111CC1CF29}.Debug|x64.Build.0 = Debug|Any CPU
		{D90F8AA4-B24A-42AB-A5E4-55111CC1CF29}.Debug|x86.ActiveCfg = Debug|Any CPU
		{D90F8AA4-B24A-42AB-A5E4-55111CC1CF29}.Debug|x86.Build.0 = Debug|Any CPU
		{D90F8AA4-B24A-42AB-A5E4-55111CC1CF29}.Release|Any CPU.ActiveCfg = Release|Any CPU
		{D90F8AA4-B24A-42AB-A5E4-55111CC1CF29}.Release|Any CPU.Build.0 = Release|Any CPU
		{D90F8AA4-B24A-42AB-A5E4-55111CC1CF29}.Release|ARM.ActiveCfg = Release|Any CPU
		{D90F8AA4-B24A-42AB-A5E4-55111CC1CF29}.Release|ARM.Build.0 = Release|Any CPU
		{D90F8AA4-B24A-42AB-A5E4-55111CC1CF29}.Release|iPhone.ActiveCfg = Release|Any CPU
		{D90F8AA4-B24A-42AB-A5E4-55111CC1CF29}.Release|iPhone.Build.0 = Release|Any CPU
		{D90F8AA4-B24A-42AB-A5E4-55111CC1CF29}.Release|iPhoneSimulator.ActiveCfg = Release|Any CPU
		{D90F8AA4-B24A-42AB-A5E4-55111CC1CF29}.Release|iPhoneSimulator.Build.0 = Release|Any CPU
		{D90F8AA4-B24A-42AB-A5E4-55111CC1CF29}.Release|x64.ActiveCfg = Release|Any CPU
		{D90F8AA4-B24A-42AB-A5E4-55111CC1CF29}.Release|x64.Build.0 = Release|Any CPU
		{D90F8AA4-B24A-42AB-A5E4-55111CC1CF29}.Release|x86.ActiveCfg = Release|Any CPU
		{D90F8AA4-B24A-42AB-A5E4-55111CC1CF29}.Release|x86.Build.0 = Release|Any CPU
	EndGlobalSection
	GlobalSection(SolutionProperties) = preSolution
		HideSolutionNode = FALSE
	EndGlobalSection
EndGlobal
